
Microsoft Visual Studio Solution File, Format Version 12.00
# Visual Studio Version 17
VisualStudioVersion = 17.1.32421.90
MinimumVisualStudioVersion = 10.0.40219.1
Project("{9A19103F-16F7-4668-BE54-9A1E7A4F7556}") = "AppointmentSchedule", "AppointmentSchedule\AppointmentSchedule.csproj", "{1A988C24-F0BF-4282-8A08-E4A1AC40426F}"
EndProject
Global
	GlobalSection(SolutionConfigurationPlatforms) = preSolution
		Debug|Any CPU = Debug|Any CPU
		Release|Any CPU = Release|Any CPU
	EndGlobalSection
	GlobalSection(ProjectConfigurationPlatforms) = postSolution
		{1A988C24-F0BF-4282-8A08-E4A1AC40426F}.Debug|Any CPU.ActiveCfg = Debug|Any CPU
		{1A988C24-F0BF-4282-8A08-E4A1AC40426F}.Debug|Any CPU.Build.0 = Debug|Any CPU
		{1A988C24-F0BF-4282-8A08-E4A1AC40426F}.Release|Any CPU.ActiveCfg = Release|Any CPU
		{1A988C24-F0BF-4282-8A08-E4A1AC40426F}.Release|Any CPU.Build.0 = Release|Any CPU
	EndGlobalSection
	GlobalSection(SolutionProperties) = preSolution
		HideSolutionNode = FALSE
	EndGlobalSection
	GlobalSection(ExtensibilityGlobals) = postSolution
		SolutionGuid = {26860AB2-FC33-4E68-9BAF-05F44D2EDCD0}
	EndGlobalSection
EndGlobal
